{
  "version": 4,
  "terraform_version": "1.0.9",
  "serial": 4,
  "lineage": "5a65ceea-026b-c88b-ce9c-3c47865178e4",
  "outputs": {
    "petname": {
      "value": "mr.maximum.cow",
      "type": "string"
    }
  },
  "resources": [
    {
      "mode": "managed",
      "type": "local_file",
      "name": "myfile",
      "provider": "provider[\"registry.terraform.io/hashicorp/local\"]",
      "instances": [
        {
          "schema_version": 0,
          "attributes": {
            "content": "content of file is mr.maximum.cow",
            "content_base64": null,
            "directory_permission": "0777",
            "file_permission": "0777",
            "filename": "/root/awg",
            "id": "87c85bed623f917650a6bf802ad27d85d26b4a88",
            "sensitive_content": null,
            "source": null
          },
          "sensitive_attributes": [],
          "private": "bnVsbA==",
          "dependencies": [
            "random_pet.mypet"
          ]
        }
      ]
    },
    {
      "mode": "managed",
      "type": "random_pet",
      "name": "mypet",
      "provider": "provider[\"registry.terraform.io/hashicorp/random\"]",
      "instances": [
        {
          "schema_version": 0,
          "attributes": {
            "id": "mr.maximum.cow",
            "keepers": null,
            "length": 2,
            "prefix": "mr",
            "separator": "."
          },
          "sensitive_attributes": [],
          "private": "bnVsbA=="
        }
      ]
    }
  ]
}
